// !$*UTF8*$!
{
	archiveVersion = 1;
	classes = {
	};
	objectVersion = 56;
	objects = {

/* Begin PBXBuildFile section */
		A001 /* SpellGuardApp.swift in Sources */ = {isa = PBXBuildFile; fileRef = F001 /* SpellGuardApp.swift */; };
		A002 /* ContentView.swift in Sources */ = {isa = PBXBuildFile; fileRef = F002 /* ContentView.swift */; };
		A003 /* Word.swift in Sources */ = {isa = PBXBuildFile; fileRef = F003 /* Word.swift */; };
		A004 /* WordProgress.swift in Sources */ = {isa = PBXBuildFile; fileRef = F004 /* WordProgress.swift */; };
		A005 /* SpellingChallenge.swift in Sources */ = {isa = PBXBuildFile; fileRef = F005 /* SpellingChallenge.swift */; };
		A006 /* GameSession.swift in Sources */ = {isa = PBXBuildFile; fileRef = F006 /* GameSession.swift */; };
		A007 /* GradeLevel.swift in Sources */ = {isa = PBXBuildFile; fileRef = F007 /* GradeLevel.swift */; };
		A008 /* StoreKitManager.swift in Sources */ = {isa = PBXBuildFile; fileRef = F008 /* StoreKitManager.swift */; };
		A009 /* WordDatabase.swift in Sources */ = {isa = PBXBuildFile; fileRef = F009 /* WordDatabase.swift */; };
		A010 /* SpeechEngine.swift in Sources */ = {isa = PBXBuildFile; fileRef = F010 /* SpeechEngine.swift */; };
		A011 /* GameEngine.swift in Sources */ = {isa = PBXBuildFile; fileRef = F011 /* GameEngine.swift */; };
		A012 /* NotificationManager.swift in Sources */ = {isa = PBXBuildFile; fileRef = F012 /* NotificationManager.swift */; };
		A013 /* AnalyticsService.swift in Sources */ = {isa = PBXBuildFile; fileRef = F013 /* AnalyticsService.swift */; };
		A014 /* PremiumManager.swift in Sources */ = {isa = PBXBuildFile; fileRef = F014 /* PremiumManager.swift */; };
		A015 /* SpellingViewModel.swift in Sources */ = {isa = PBXBuildFile; fileRef = F015 /* SpellingViewModel.swift */; };
		A016 /* VocabViewModel.swift in Sources */ = {isa = PBXBuildFile; fileRef = F016 /* VocabViewModel.swift */; };
		A017 /* ProgressViewModel.swift in Sources */ = {isa = PBXBuildFile; fileRef = F017 /* ProgressViewModel.swift */; };
		A018 /* LeaderboardViewModel.swift in Sources */ = {isa = PBXBuildFile; fileRef = F018 /* LeaderboardViewModel.swift */; };
		A019 /* HomeView.swift in Sources */ = {isa = PBXBuildFile; fileRef = F019 /* HomeView.swift */; };
		A020 /* SpellingBeeView.swift in Sources */ = {isa = PBXBuildFile; fileRef = F020 /* SpellingBeeView.swift */; };
		A021 /* VocabQuizView.swift in Sources */ = {isa = PBXBuildFile; fileRef = F021 /* VocabQuizView.swift */; };
		A022 /* DailyWordView.swift in Sources */ = {isa = PBXBuildFile; fileRef = F022 /* DailyWordView.swift */; };
		A023 /* ProgressView.swift in Sources */ = {isa = PBXBuildFile; fileRef = F023 /* ProgressView.swift */; };
		A024 /* LeaderboardView.swift in Sources */ = {isa = PBXBuildFile; fileRef = F024 /* LeaderboardView.swift */; };
		A025 /* PaywallView.swift in Sources */ = {isa = PBXBuildFile; fileRef = F025 /* PaywallView.swift */; };
		A026 /* OnboardingView.swift in Sources */ = {isa = PBXBuildFile; fileRef = F026 /* OnboardingView.swift */; };
		A027 /* SettingsView.swift in Sources */ = {isa = PBXBuildFile; fileRef = F027 /* SettingsView.swift */; };
		A029 /* GoogleService-Info.plist in Resources */ = {isa = PBXBuildFile; fileRef = F029 /* GoogleService-Info.plist */; };
/* End PBXBuildFile section */

/* Begin PBXFileReference section */
		F001 /* SpellGuardApp.swift */ = {isa = PBXFileReference; lastKnownFileType = sourcecode.swift; path = SpellGuardApp.swift; sourceTree = "<group>"; };
		F002 /* ContentView.swift */ = {isa = PBXFileReference; lastKnownFileType = sourcecode.swift; path = ContentView.swift; sourceTree = "<group>"; };
		F003 /* Word.swift */ = {isa = PBXFileReference; lastKnownFileType = sourcecode.swift; path = Word.swift; sourceTree = "<group>"; };
		F004 /* WordProgress.swift */ = {isa = PBXFileReference; lastKnownFileType = sourcecode.swift; path = WordProgress.swift; sourceTree = "<group>"; };
		F005 /* SpellingChallenge.swift */ = {isa = PBXFileReference; lastKnownFileType = sourcecode.swift; path = SpellingChallenge.swift; sourceTree = "<group>"; };
		F006 /* GameSession.swift */ = {isa = PBXFileReference; lastKnownFileType = sourcecode.swift; path = GameSession.swift; sourceTree = "<group>"; };
		F007 /* GradeLevel.swift */ = {isa = PBXFileReference; lastKnownFileType = sourcecode.swift; path = GradeLevel.swift; sourceTree = "<group>"; };
		F008 /* StoreKitManager.swift */ = {isa = PBXFileReference; lastKnownFileType = sourcecode.swift; path = StoreKitManager.swift; sourceTree = "<group>"; };
		F009 /* WordDatabase.swift */ = {isa = PBXFileReference; lastKnownFileType = sourcecode.swift; path = WordDatabase.swift; sourceTree = "<group>"; };
		F010 /* SpeechEngine.swift */ = {isa = PBXFileReference; lastKnownFileType = sourcecode.swift; path = SpeechEngine.swift; sourceTree = "<group>"; };
		F011 /* GameEngine.swift */ = {isa = PBXFileReference; lastKnownFileType = sourcecode.swift; path = GameEngine.swift; sourceTree = "<group>"; };
		F012 /* NotificationManager.swift */ = {isa = PBXFileReference; lastKnownFileType = sourcecode.swift; path = NotificationManager.swift; sourceTree = "<group>"; };
		F013 /* AnalyticsService.swift */ = {isa = PBXFileReference; lastKnownFileType = sourcecode.swift; path = AnalyticsService.swift; sourceTree = "<group>"; };
		F014 /* PremiumManager.swift */ = {isa = PBXFileReference; lastKnownFileType = sourcecode.swift; path = PremiumManager.swift; sourceTree = "<group>"; };
		F015 /* SpellingViewModel.swift */ = {isa = PBXFileReference; lastKnownFileType = sourcecode.swift; path = SpellingViewModel.swift; sourceTree = "<group>"; };
		F016 /* VocabViewModel.swift */ = {isa = PBXFileReference; lastKnownFileType = sourcecode.swift; path = VocabViewModel.swift; sourceTree = "<group>"; };
		F017 /* ProgressViewModel.swift */ = {isa = PBXFileReference; lastKnownFileType = sourcecode.swift; path = ProgressViewModel.swift; sourceTree = "<group>"; };
		F018 /* LeaderboardViewModel.swift */ = {isa = PBXFileReference; lastKnownFileType = sourcecode.swift; path = LeaderboardViewModel.swift; sourceTree = "<group>"; };
		F019 /* HomeView.swift */ = {isa = PBXFileReference; lastKnownFileType = sourcecode.swift; path = HomeView.swift; sourceTree = "<group>"; };
		F020 /* SpellingBeeView.swift */ = {isa = PBXFileReference; lastKnownFileType = sourcecode.swift; path = SpellingBeeView.swift; sourceTree = "<group>"; };
		F021 /* VocabQuizView.swift */ = {isa = PBXFileReference; lastKnownFileType = sourcecode.swift; path = VocabQuizView.swift; sourceTree = "<group>"; };
		F022 /* DailyWordView.swift */ = {isa = PBXFileReference; lastKnownFileType = sourcecode.swift; path = DailyWordView.swift; sourceTree = "<group>"; };
		F023 /* ProgressView.swift */ = {isa = PBXFileReference; lastKnownFileType = sourcecode.swift; path = ProgressView.swift; sourceTree = "<group>"; };
		F024 /* LeaderboardView.swift */ = {isa = PBXFileReference; lastKnownFileType = sourcecode.swift; path = LeaderboardView.swift; sourceTree = "<group>"; };
		F025 /* PaywallView.swift */ = {isa = PBXFileReference; lastKnownFileType = sourcecode.swift; path = PaywallView.swift; sourceTree = "<group>"; };
		F026 /* OnboardingView.swift */ = {isa = PBXFileReference; lastKnownFileType = sourcecode.swift; path = OnboardingView.swift; sourceTree = "<group>"; };
		F027 /* SettingsView.swift */ = {isa = PBXFileReference; lastKnownFileType = sourcecode.swift; path = SettingsView.swift; sourceTree = "<group>"; };
		F028 /* Info.plist */ = {isa = PBXFileReference; lastKnownFileType = text.plist.xml; path = Info.plist; sourceTree = "<group>"; };
		F029 /* GoogleService-Info.plist */ = {isa = PBXFileReference; lastKnownFileType = text.plist.xml; path = "GoogleService-Info.plist"; sourceTree = "<group>"; };
		F030 /* SpellGuard.entitlements */ = {isa = PBXFileReference; lastKnownFileType = text.plist.entitlements; path = SpellGuard.entitlements; sourceTree = "<group>"; };
		PROD /* SpellGuard.app */ = {isa = PBXFileReference; explicitFileType = wrapper.application; includeInIndex = 0; path = SpellGuard.app; sourceTree = BUILT_PRODUCTS_DIR; };
/* End PBXFileReference section */

/* Begin PBXFrameworksBuildPhase section */
		FRAMEWORKS /* Frameworks */ = {
			isa = PBXFrameworksBuildPhase;
			buildActionMask = 2147483647;
			files = (
			);
			runOnlyForDeploymentPostprocessing = 0;
		};
/* End PBXFrameworksBuildPhase section */

/* Begin PBXGroup section */
		GRPAPP /* SpellGuard */ = {
			isa = PBXGroup;
			children = (
				F001 /* SpellGuardApp.swift */,
				F002 /* ContentView.swift */,
				F028 /* Info.plist */,
				F029 /* GoogleService-Info.plist */,
				F030 /* SpellGuard.entitlements */,
				GRPMODELS /* Models */,
				GRPSERVICES /* Services */,
				GRPVIEWMODELS /* ViewModels */,
				GRPVIEWS /* Views */,
			);
			path = SpellGuard;
			sourceTree = "<group>";
		};
		GRPMODELS /* Models */ = {
			isa = PBXGroup;
			children = (
				F003 /* Word.swift */,
				F004 /* WordProgress.swift */,
				F005 /* SpellingChallenge.swift */,
				F006 /* GameSession.swift */,
				F007 /* GradeLevel.swift */,
			);
			path = Models;
			sourceTree = "<group>";
		};
		GRPPROD /* Products */ = {
			isa = PBXGroup;
			children = (
				PROD /* SpellGuard.app */,
			);
			name = Products;
			sourceTree = "<group>";
		};
		GRPSERVICES /* Services */ = {
			isa = PBXGroup;
			children = (
				F008 /* StoreKitManager.swift */,
				F009 /* WordDatabase.swift */,
				F010 /* SpeechEngine.swift */,
				F011 /* GameEngine.swift */,
				F012 /* NotificationManager.swift */,
				F013 /* AnalyticsService.swift */,
				F014 /* PremiumManager.swift */,
			);
			path = Services;
			sourceTree = "<group>";
		};
		GRPVIEWMODELS /* ViewModels */ = {
			isa = PBXGroup;
			children = (
				F015 /* SpellingViewModel.swift */,
				F016 /* VocabViewModel.swift */,
				F017 /* ProgressViewModel.swift */,
				F018 /* LeaderboardViewModel.swift */,
			);
			path = ViewModels;
			sourceTree = "<group>";
		};
		GRPVIEWS /* Views */ = {
			isa = PBXGroup;
			children = (
				F019 /* HomeView.swift */,
				F020 /* SpellingBeeView.swift */,
				F021 /* VocabQuizView.swift */,
				F022 /* DailyWordView.swift */,
				F023 /* ProgressView.swift */,
				F024 /* LeaderboardView.swift */,
				F025 /* PaywallView.swift */,
				F026 /* OnboardingView.swift */,
				F027 /* SettingsView.swift */,
			);
			path = Views;
			sourceTree = "<group>";
		};
		ROOT = {
			isa = PBXGroup;
			children = (
				GRPAPP /* SpellGuard */,
				GRPPROD /* Products */,
			);
			sourceTree = "<group>";
		};
/* End PBXGroup section */

/* Begin PBXNativeTarget section */
		TARGET /* SpellGuard */ = {
			isa = PBXNativeTarget;
			buildConfigurationList = BUILDCONFLIST /* Build configuration list for PBXNativeTarget "SpellGuard" */;
			buildPhases = (
				SOURCES /* Sources */,
				RESOURCES /* Resources */,
				FRAMEWORKS /* Frameworks */,
			);
			buildRules = (
			);
			dependencies = (
			);
			name = SpellGuard;
			productName = SpellGuard;
			productReference = PROD /* SpellGuard.app */;
			productType = "com.apple.product-type.application";
		};
/* End PBXNativeTarget section */

/* Begin PBXProject section */
		PROJECT /* Project object */ = {
			isa = PBXProject;
			attributes = {
				BuildIndependentTargetsInParallel = 1;
				LastSwiftUpdateCheck = 1500;
				LastUpgradeCheck = 1500;
				TargetAttributes = {
					TARGET = {
						CreatedOnToolsVersion = 15.0;
					};
				};
			};
			buildConfigurationList = PROJBUILDCONFLIST /* Build configuration list for PBXProject "SpellGuard" */;
			compatibilityVersion = "Xcode 14.0";
			developmentRegion = en;
			hasScannedForEncodings = 0;
			knownRegions = (
				en,
				Base,
			);
			mainGroup = ROOT;
			productRefGroup = GRPPROD /* Products */;
			projectDirPath = "";
			projectRoot = "";
			targets = (
				TARGET /* SpellGuard */,
			);
		};
/* End PBXProject section */

/* Begin PBXResourcesBuildPhase section */
		RESOURCES /* Resources */ = {
			isa = PBXResourcesBuildPhase;
			buildActionMask = 2147483647;
			files = (
				A029 /* GoogleService-Info.plist in Resources */,
			);
			runOnlyForDeploymentPostprocessing = 0;
		};
/* End PBXResourcesBuildPhase section */

/* Begin PBXSourcesBuildPhase section */
		SOURCES /* Sources */ = {
			isa = PBXSourcesBuildPhase;
			buildActionMask = 2147483647;
			files = (
				A001 /* SpellGuardApp.swift in Sources */,
				A002 /* ContentView.swift in Sources */,
				A003 /* Word.swift in Sources */,
				A004 /* WordProgress.swift in Sources */,
				A005 /* SpellingChallenge.swift in Sources */,
				A006 /* GameSession.swift in Sources */,
				A007 /* GradeLevel.swift in Sources */,
				A008 /* StoreKitManager.swift in Sources */,
				A009 /* WordDatabase.swift in Sources */,
				A010 /* SpeechEngine.swift in Sources */,
				A011 /* GameEngine.swift in Sources */,
				A012 /* NotificationManager.swift in Sources */,
				A013 /* AnalyticsService.swift in Sources */,
				A014 /* PremiumManager.swift in Sources */,
				A015 /* SpellingViewModel.swift in Sources */,
				A016 /* VocabViewModel.swift in Sources */,
				A017 /* ProgressViewModel.swift in Sources */,
				A018 /* LeaderboardViewModel.swift in Sources */,
				A019 /* HomeView.swift in Sources */,
				A020 /* SpellingBeeView.swift in Sources */,
				A021 /* VocabQuizView.swift in Sources */,
				A022 /* DailyWordView.swift in Sources */,
				A023 /* ProgressView.swift in Sources */,
				A024 /* LeaderboardView.swift in Sources */,
				A025 /* PaywallView.swift in Sources */,
				A026 /* OnboardingView.swift in Sources */,
				A027 /* SettingsView.swift in Sources */,
			);
			runOnlyForDeploymentPostprocessing = 0;
		};
/* End PBXSourcesBuildPhase section */

/* Begin XCBuildConfiguration section */
		DEBUGCONF /* Debug */ = {
			isa = XCBuildConfiguration;
			buildSettings = {
				ALWAYS_SEARCH_USER_PATHS = NO;
				ASSETCATALOG_COMPILER_GENERATE_SWIFT_ASSET_SYMBOL_EXTENSIONS = YES;
				CLANG_ANALYZER_NONNULL = YES;
				CLANG_ANALYZER_NUMBER_OBJECT_CONVERSION = YES_AGGRESSIVE;
				CLANG_CXX_LANGUAGE_STANDARD = "gnu++20";
				CLANG_ENABLE_MODULES = YES;
				CLANG_ENABLE_OBJC_ARC = YES;
				CLANG_ENABLE_OBJC_WEAK = YES;
				CLANG_WARN_BLOCK_CAPTURE_AUTORELEASING = YES;
				CLANG_WARN_BOOL_CONVERSION = YES;
				CLANG_WARN_COMMA = YES;
				CLANG_WARN_CONSTANT_CONVERSION = YES;
				CLANG_WARN_DEPRECATED_OBJC_IMPLEMENTATIONS = YES;
				CLANG_WARN_DIRECT_OBJC_ISA_USAGE = YES_ERROR;
				CLANG_WARN_DOCUMENTATION_COMMENTS = YES;
				CLANG_WARN_EMPTY_BODY = YES;
				CLANG_WARN_ENUM_CONVERSION = YES;
				CLANG_WARN_INFINITE_RECURSION = YES;
				CLANG_WARN_INT_CONVERSION = YES;
				CLANG_WARN_NON_LITERAL_NULL_CONVERSION = YES;
				CLANG_WARN_OBJC_IMPLICIT_RETAIN_SELF = YES;
				CLANG_WARN_OBJC_LITERAL_CONVERSION = YES;
				CLANG_WARN_OBJC_ROOT_CLASS = YES_ERROR;
				CLANG_WARN_QUOTED_INCLUDE_IN_FRAMEWORK_HEADER = YES;
				CLANG_WARN_RANGE_LOOP_ANALYSIS = YES;
				CLANG_WARN_STRICT_PROTOTYPES = YES;
				CLANG_WARN_SUSPICIOUS_MOVE = YES;
				CLANG_WARN_UNGUARDED_AVAILABILITY = YES_AGGRESSIVE;
				CLANG_WARN_UNREACHABLE_CODE = YES;
				CLANG_WARN__DUPLICATE_METHOD_MATCH = YES;
				COPY_PHASE_STRIP = NO;
				DEBUG_INFORMATION_FORMAT = dwarf;
				ENABLE_STRICT_OBJC_MSGSEND = YES;
				ENABLE_TESTABILITY = YES;
				ENABLE_USER_SCRIPT_SANDBOXING = YES;
				GCC_C_LANGUAGE_STANDARD = gnu17;
				GCC_DYNAMIC_NO_PIC = NO;
				GCC_NO_COMMON_BLOCKS = YES;
				GCC_OPTIMIZATION_LEVEL = 0;
				GCC_PREPROCESSOR_DEFINITIONS = (
					"DEBUG=1",
					"$(inherited)",
				);
				GCC_WARN_64_TO_32_BIT_CONVERSION = YES;
				GCC_WARN_ABOUT_RETURN_TYPE = YES_ERROR;
				GCC_WARN_UNDECLARED_SELECTOR = YES;
				GCC_WARN_UNINITIALIZED_AUTOS = YES_AGGRESSIVE;
				GCC_WARN_UNUSED_FUNCTION = YES;
				GCC_WARN_UNUSED_VARIABLE = YES;
				IPHONEOS_DEPLOYMENT_TARGET = 17.0;
				MTL_ENABLE_DEBUG_INFO = INCLUDE_SOURCE;
				MTL_FAST_MATH = YES;
				ONLY_ACTIVE_ARCH = YES;
				SDKROOT = iphoneos;
				SWIFT_ACTIVE_COMPILATION_CONDITIONS = "DEBUG $(inherited)";
				SWIFT_OPTIMIZATION_LEVEL = "-Onone";
			};
			name = Debug;
		};
		RELEASECONF /* Release */ = {
			isa = XCBuildConfiguration;
			buildSettings = {
				ALWAYS_SEARCH_USER_PATHS = NO;
				ASSETCATALOG_COMPILER_GENERATE_SWIFT_ASSET_SYMBOL_EXTENSIONS = YES;
				CLANG_ANALYZER_NONNULL = YES;
				CLANG_ANALYZER_NUMBER_OBJECT_CONVERSION = YES_AGGRESSIVE;
				CLANG_CXX_LANGUAGE_STANDARD = "gnu++20";
				CLANG_ENABLE_MODULES = YES;
				CLANG_ENABLE_OBJC_ARC = YES;
				CLANG_ENABLE_OBJC_WEAK = YES;
				CLANG_WARN_BLOCK_CAPTURE_AUTORELEASING = YES;
				CLANG_WARN_BOOL_CONVERSION = YES;
				CLANG_WARN_COMMA = YES;
				CLANG_WARN_CONSTANT_CONVERSION = YES;
				CLANG_WARN_DEPRECATED_OBJC_IMPLEMENTATIONS = YES;
				CLANG_WARN_DIRECT_OBJC_ISA_USAGE = YES_ERROR;
				CLANG_WARN_DOCUMENTATION_COMMENTS = YES;
				CLANG_WARN_EMPTY_BODY = YES;
				CLANG_WARN_ENUM_CONVERSION = YES;
				CLANG_WARN_INFINITE_RECURSION = YES;
				CLANG_WARN_INT_CONVERSION = YES;
				CLANG_WARN_NON_LITERAL_NULL_CONVERSION = YES;
				CLANG_WARN_OBJC_IMPLICIT_RETAIN_SELF = YES;
				CLANG_WARN_OBJC_LITERAL_CONVERSION = YES;
				CLANG_WARN_OBJC_ROOT_CLASS = YES_ERROR;
				CLANG_WARN_QUOTED_INCLUDE_IN_FRAMEWORK_HEADER = YES;
				CLANG_WARN_RANGE_LOOP_ANALYSIS = YES;
				CLANG_WARN_STRICT_PROTOTYPES = YES;
				CLANG_WARN_SUSPICIOUS_MOVE = YES;
				CLANG_WARN_UNGUARDED_AVAILABILITY = YES_AGGRESSIVE;
				CLANG_WARN_UNREACHABLE_CODE = YES;
				CLANG_WARN__DUPLICATE_METHOD_MATCH = YES;
				COPY_PHASE_STRIP = NO;
				DEBUG_INFORMATION_FORMAT = "dwarf-with-dsym";
				ENABLE_NS_ASSERTIONS = NO;
				ENABLE_STRICT_OBJC_MSGSEND = YES;
				ENABLE_USER_SCRIPT_SANDBOXING = YES;
				GCC_C_LANGUAGE_STANDARD = gnu17;
				GCC_NO_COMMON_BLOCKS = YES;
				GCC_WARN_64_TO_32_BIT_CONVERSION = YES;
				GCC_WARN_ABOUT_RETURN_TYPE = YES_ERROR;
				GCC_WARN_UNDECLARED_SELECTOR = YES;
				GCC_WARN_UNINITIALIZED_AUTOS = YES_AGGRESSIVE;
				GCC_WARN_UNUSED_FUNCTION = YES;
				GCC_WARN_UNUSED_VARIABLE = YES;
				IPHONEOS_DEPLOYMENT_TARGET = 17.0;
				MTL_ENABLE_DEBUG_INFO = NO;
				MTL_FAST_MATH = YES;
				SDKROOT = iphoneos;
				SWIFT_COMPILATION_MODE = wholemodule;
				VALIDATE_PRODUCT = YES;
			};
			name = Release;
		};
		TARGETDEBUGCONF /* Debug */ = {
			isa = XCBuildConfiguration;
			buildSettings = {
				ASSETCATALOG_COMPILER_APPICON_NAME = AppIcon;
				ASSETCATALOG_COMPILER_GLOBAL_ACCENT_COLOR_NAME = AccentColor;
				CODE_SIGN_ENTITLEMENTS = SpellGuard/SpellGuard.entitlements;
				CODE_SIGN_STYLE = Automatic;
				CURRENT_PROJECT_VERSION = 1;
				DEVELOPMENT_ASSET_PATHS = "";
				DEVELOPMENT_TEAM = 7RS696YC75;
				ENABLE_PREVIEWS = YES;
				GENERATE_INFOPLIST_FILE = NO;
				INFOPLIST_FILE = SpellGuard/Info.plist;
				IPHONEOS_DEPLOYMENT_TARGET = 17.0;
				LD_RUNPATH_SEARCH_PATHS = (
					"$(inherited)",
					"@executable_path/Frameworks",
				);
				MARKETING_VERSION = 1.0;
				PRODUCT_BUNDLE_IDENTIFIER = com.appfactory.spellguard;
				PRODUCT_NAME = "$(TARGET_NAME)";
				SWIFT_EMIT_LOC_STRINGS = YES;
				SWIFT_VERSION = 5.0;
				TARGETED_DEVICE_FAMILY = "1,2";
			};
			name = Debug;
		};
		TARGETRELEASECONF /* Release */ = {
			isa = XCBuildConfiguration;
			buildSettings = {
				ASSETCATALOG_COMPILER_APPICON_NAME = AppIcon;
				ASSETCATALOG_COMPILER_GLOBAL_ACCENT_COLOR_NAME = AccentColor;
				CODE_SIGN_ENTITLEMENTS = SpellGuard/SpellGuard.entitlements;
				CODE_SIGN_STYLE = Automatic;
				CURRENT_PROJECT_VERSION = 1;
				DEVELOPMENT_ASSET_PATHS = "";
				DEVELOPMENT_TEAM = 7RS696YC75;
				ENABLE_PREVIEWS = YES;
				GENERATE_INFOPLIST_FILE = NO;
				INFOPLIST_FILE = SpellGuard/Info.plist;
				IPHONEOS_DEPLOYMENT_TARGET = 17.0;
				LD_RUNPATH_SEARCH_PATHS = (
					"$(inherited)",
					"@executable_path/Frameworks",
				);
				MARKETING_VERSION = 1.0;
				PRODUCT_BUNDLE_IDENTIFIER = com.appfactory.spellguard;
				PRODUCT_NAME = "$(TARGET_NAME)";
				SWIFT_EMIT_LOC_STRINGS = YES;
				SWIFT_VERSION = 5.0;
				TARGETED_DEVICE_FAMILY = "1,2";
			};
			name = Release;
		};
/* End XCBuildConfiguration section */

/* Begin XCConfigurationList section */
		BUILDCONFLIST /* Build configuration list for PBXNativeTarget "SpellGuard" */ = {
			isa = XCConfigurationList;
			buildConfigurations = (
				TARGETDEBUGCONF /* Debug */,
				TARGETRELEASECONF /* Release */,
			);
			defaultConfigurationIsVisible = 0;
			defaultConfigurationName = Release;
		};
		PROJBUILDCONFLIST /* Build configuration list for PBXProject "SpellGuard" */ = {
			isa = XCConfigurationList;
			buildConfigurations = (
				DEBUGCONF /* Debug */,
				RELEASECONF /* Release */,
			);
			defaultConfigurationIsVisible = 0;
			defaultConfigurationName = Release;
		};
/* End XCConfigurationList section */
	};
	rootObject = PROJECT /* Project object */;
}
